Microsoft Visual Studio Solution File, Format Version 12.00
# Visual Studio 2012
Project("{FAE04EC0-301F-11D3-BF4B-00C04F79EFBC}") = "tape", "tape.csproj", "{B9DC7C5B-1EF6-4902-B9BE-C0C912D3A6DD}"
EndProject
Global
	GlobalSection(SolutionConfigurationPlatforms) = preSolution
	Debug|Any CPU = Debug|Any CPU
	ExportDebug|Any CPU = ExportDebug|Any CPU
	ExportRelease|Any CPU = ExportRelease|Any CPU
	EndGlobalSection
	GlobalSection(ProjectConfigurationPlatforms) = postSolution
		{B9DC7C5B-1EF6-4902-B9BE-C0C912D3A6DD}.Debug|Any CPU.ActiveCfg = Debug|Any CPU
		{B9DC7C5B-1EF6-4902-B9BE-C0C912D3A6DD}.Debug|Any CPU.Build.0 = Debug|Any CPU
		{B9DC7C5B-1EF6-4902-B9BE-C0C912D3A6DD}.ExportDebug|Any CPU.ActiveCfg = ExportDebug|Any CPU
		{B9DC7C5B-1EF6-4902-B9BE-C0C912D3A6DD}.ExportDebug|Any CPU.Build.0 = ExportDebug|Any CPU
		{B9DC7C5B-1EF6-4902-B9BE-C0C912D3A6DD}.ExportRelease|Any CPU.ActiveCfg = ExportRelease|Any CPU
		{B9DC7C5B-1EF6-4902-B9BE-C0C912D3A6DD}.ExportRelease|Any CPU.Build.0 = ExportRelease|Any CPU
	EndGlobalSection
EndGlobal
